// !$*UTF8*$!
{
	archiveVersion = 1;
	classes = {
	};
	objectVersion = 56;
	objects = {

/* Begin PBXBuildFile section */
		1F1DE18A287CEFD700D4FD9D /* cryos-font.ttf in Resources */ = {isa = PBXBuildFile; fileRef = 1F1DE189287CEFD700D4FD9D /* cryos-font.ttf */; };
		1F1DE18D287CF0F200D4FD9D /* Fonts.swift in Sources */ = {isa = PBXBuildFile; fileRef = 1F1DE18C287CF0F200D4FD9D /* Fonts.swift */; };
		1F1DE18F287DBC2100D4FD9D /* Encounter.swift in Sources */ = {isa = PBXBuildFile; fileRef = 1F1DE18E287DBC2100D4FD9D /* Encounter.swift */; };
		1F200F24289482D0004442A1 /* InventoryGrid.swift in Sources */ = {isa = PBXBuildFile; fileRef = 1F200F23289482D0004442A1 /* InventoryGrid.swift */; };
		1F2D5BC6288902E00061F4D3 /* TreeDiagram.swift in Sources */ = {isa = PBXBuildFile; fileRef = 1F2D5BC5288902E00061F4D3 /* TreeDiagram.swift */; };
		1F2D5BC82889037E0061F4D3 /* Extensions+CGPoint.swift in Sources */ = {isa = PBXBuildFile; fileRef = 1F2D5BC72889037E0061F4D3 /* Extensions+CGPoint.swift */; };
		1F2D5BCA2889B4690061F4D3 /* EncounterPreview.swift in Sources */ = {isa = PBXBuildFile; fileRef = 1F2D5BC92889B4690061F4D3 /* EncounterPreview.swift */; };
		1F344CEE28AEF64E006102B1 /* Dagger.swift in Sources */ = {isa = PBXBuildFile; fileRef = 1F344CED28AEF64E006102B1 /* Dagger.swift */; };
		1F344CF028B7DF1F006102B1 /* FoodPreview.swift in Sources */ = {isa = PBXBuildFile; fileRef = 1F344CEF28B7DF1F006102B1 /* FoodPreview.swift */; };
		1F344CF428B7F56E006102B1 /* Helmet.swift in Sources */ = {isa = PBXBuildFile; fileRef = 1F344CF328B7F56E006102B1 /* Helmet.swift */; };
		1F344CF628B8060B006102B1 /* FileManager.swift in Sources */ = {isa = PBXBuildFile; fileRef = 1F344CF528B8060B006102B1 /* FileManager.swift */; };
		1F344CF828B806B8006102B1 /* LocalStore.swift in Sources */ = {isa = PBXBuildFile; fileRef = 1F344CF728B806B8006102B1 /* LocalStore.swift */; };
		1F345E84287F5BA700A4E452 /* StatsView.swift in Sources */ = {isa = PBXBuildFile; fileRef = 1F345E83287F5BA700A4E452 /* StatsView.swift */; };
		1F345E86287F5D2100A4E452 /* Stats.swift in Sources */ = {isa = PBXBuildFile; fileRef = 1F345E85287F5D2100A4E452 /* Stats.swift */; };
		1F35B6F7287E3B350038D3DA /* Monster.swift in Sources */ = {isa = PBXBuildFile; fileRef = 1F35B6F6287E3B350038D3DA /* Monster.swift */; };
		1F35B6F9287E467A0038D3DA /* EquipmentPreview.swift in Sources */ = {isa = PBXBuildFile; fileRef = 1F35B6F8287E467A0038D3DA /* EquipmentPreview.swift */; };
		1F35B6FE287E81F50038D3DA /* EncounterModifierPreview.swift in Sources */ = {isa = PBXBuildFile; fileRef = 1F35B6FD287E81F50038D3DA /* EncounterModifierPreview.swift */; };
		1F403A7F2882672000CC3130 /* EncounterConfirm.swift in Sources */ = {isa = PBXBuildFile; fileRef = 1F403A7E2882672000CC3130 /* EncounterConfirm.swift */; };
		1F5CA81128760D87002D92CF /* SimpleARPGApp.swift in Sources */ = {isa = PBXBuildFile; fileRef = 1F5CA81028760D87002D92CF /* SimpleARPGApp.swift */; };
		1F5CA81328760D87002D92CF /* GameView.swift in Sources */ = {isa = PBXBuildFile; fileRef = 1F5CA81228760D87002D92CF /* GameView.swift */; };
		1F5CA81528760D88002D92CF /* Assets.xcassets in Resources */ = {isa = PBXBuildFile; fileRef = 1F5CA81428760D88002D92CF /* Assets.xcassets */; };
		1F5CA81928760D88002D92CF /* Preview Assets.xcassets in Resources */ = {isa = PBXBuildFile; fileRef = 1F5CA81828760D88002D92CF /* Preview Assets.xcassets */; };
		1F5CA82328760D88002D92CF /* SimpleARPGTests.swift in Sources */ = {isa = PBXBuildFile; fileRef = 1F5CA82228760D88002D92CF /* SimpleARPGTests.swift */; };
		1F5CA82D28760D88002D92CF /* SimpleARPGUITests.swift in Sources */ = {isa = PBXBuildFile; fileRef = 1F5CA82C28760D88002D92CF /* SimpleARPGUITests.swift */; };
		1F5CA82F28760D88002D92CF /* SimpleARPGUITestsLaunchTests.swift in Sources */ = {isa = PBXBuildFile; fileRef = 1F5CA82E28760D88002D92CF /* SimpleARPGUITestsLaunchTests.swift */; };
		1F5CA83D28760DB2002D92CF /* ComposableArchitecture in Frameworks */ = {isa = PBXBuildFile; productRef = 1F5CA83C28760DB2002D92CF /* ComposableArchitecture */; };
		1F5CA842287651C6002D92CF /* TabView.swift in Sources */ = {isa = PBXBuildFile; fileRef = 1F5CA841287651C6002D92CF /* TabView.swift */; };
		1F5CA84528765FD8002D92CF /* Colors.swift in Sources */ = {isa = PBXBuildFile; fileRef = 1F5CA84428765FD8002D92CF /* Colors.swift */; };
		1F5CA847287663BB002D92CF /* PlayerInventoryView.swift in Sources */ = {isa = PBXBuildFile; fileRef = 1F5CA846287663BB002D92CF /* PlayerInventoryView.swift */; };
		1F5CA84A287663ED002D92CF /* Equipment.swift in Sources */ = {isa = PBXBuildFile; fileRef = 1F5CA849287663ED002D92CF /* Equipment.swift */; };
		1F5CA84C2876643A002D92CF /* Item.swift in Sources */ = {isa = PBXBuildFile; fileRef = 1F5CA84B2876643A002D92CF /* Item.swift */; };
		1F5CA84E28766449002D92CF /* Food.swift in Sources */ = {isa = PBXBuildFile; fileRef = 1F5CA84D28766449002D92CF /* Food.swift */; };
		1F5CA85028766473002D92CF /* Player.swift in Sources */ = {isa = PBXBuildFile; fileRef = 1F5CA84F28766473002D92CF /* Player.swift */; };
		1F5CA8522876648B002D92CF /* InventorySlot.swift in Sources */ = {isa = PBXBuildFile; fileRef = 1F5CA8512876648B002D92CF /* InventorySlot.swift */; };
		1F5CA854287665B8002D92CF /* EquipmentView.swift in Sources */ = {isa = PBXBuildFile; fileRef = 1F5CA853287665B8002D92CF /* EquipmentView.swift */; };
		1F5CA85728768187002D92CF /* Extensions+View.swift in Sources */ = {isa = PBXBuildFile; fileRef = 1F5CA85628768187002D92CF /* Extensions+View.swift */; };
		1F5CA859287688A7002D92CF /* ItemPreview.swift in Sources */ = {isa = PBXBuildFile; fileRef = 1F5CA858287688A7002D92CF /* ItemPreview.swift */; };
		1F5CA85B2877A734002D92CF /* HapticsManager.swift in Sources */ = {isa = PBXBuildFile; fileRef = 1F5CA85A2877A734002D92CF /* HapticsManager.swift */; };
		1F5CA85D2877C6FA002D92CF /* ResourceBar.swift in Sources */ = {isa = PBXBuildFile; fileRef = 1F5CA85C2877C6FA002D92CF /* ResourceBar.swift */; };
		1F71638328987F560012B04C /* Monster+Base.swift in Sources */ = {isa = PBXBuildFile; fileRef = 1F71638228987F560012B04C /* Monster+Base.swift */; };
		1F767D742899F8EC0016E6B8 /* OneHandedAxe.swift in Sources */ = {isa = PBXBuildFile; fileRef = 1F767D732899F8EC0016E6B8 /* OneHandedAxe.swift */; };
		1F767D762899F9010016E6B8 /* Bow.swift in Sources */ = {isa = PBXBuildFile; fileRef = 1F767D752899F9010016E6B8 /* Bow.swift */; };
		1F767D78289A2B5C0016E6B8 /* YouWonView.swift in Sources */ = {isa = PBXBuildFile; fileRef = 1F767D77289A2B5C0016E6B8 /* YouWonView.swift */; };
		1F767D7C289B85CD0016E6B8 /* Vendor.swift in Sources */ = {isa = PBXBuildFile; fileRef = 1F767D7B289B85CD0016E6B8 /* Vendor.swift */; };
		1F767D7E289B8DA40016E6B8 /* VendorView.swift in Sources */ = {isa = PBXBuildFile; fileRef = 1F767D7D289B8DA40016E6B8 /* VendorView.swift */; };
		1F767D80289D966C0016E6B8 /* MessageView.swift in Sources */ = {isa = PBXBuildFile; fileRef = 1F767D7F289D966C0016E6B8 /* MessageView.swift */; };
		1F767D82289D991B0016E6B8 /* Message.swift in Sources */ = {isa = PBXBuildFile; fileRef = 1F767D81289D991B0016E6B8 /* Message.swift */; };
		1F9D205628B9152F006D55C3 /* BetterCodable in Frameworks */ = {isa = PBXBuildFile; productRef = 1F9D205528B9152F006D55C3 /* BetterCodable */; };
		1F9D205828B91809006D55C3 /* Codable+Extensions.swift in Sources */ = {isa = PBXBuildFile; fileRef = 1F9D205728B91809006D55C3 /* Codable+Extensions.swift */; };
		1FAC93F628865C6C00ED7F38 /* CombatClient.swift in Sources */ = {isa = PBXBuildFile; fileRef = 1FAC93F528865C6C00ED7F38 /* CombatClient.swift */; };
		1FAC93F828865CA800ED7F38 /* Damage.swift in Sources */ = {isa = PBXBuildFile; fileRef = 1FAC93F728865CA800ED7F38 /* Damage.swift */; };
		1FAC93FA2887743800ED7F38 /* Haptics.swift in Sources */ = {isa = PBXBuildFile; fileRef = 1FAC93F92887743800ED7F38 /* Haptics.swift */; };
		1FD17CE72891B8C900E0BEB0 /* TabRowView.swift in Sources */ = {isa = PBXBuildFile; fileRef = 1FD17CE62891B8C900E0BEB0 /* TabRowView.swift */; };
		1FD17CE92891BBF500E0BEB0 /* PlayerView.swift in Sources */ = {isa = PBXBuildFile; fileRef = 1FD17CE82891BBF500E0BEB0 /* PlayerView.swift */; };
		1FD17CED2891BD7900E0BEB0 /* YouDiedView.swift in Sources */ = {isa = PBXBuildFile; fileRef = 1FD17CEC2891BD7900E0BEB0 /* YouDiedView.swift */; };
		1FD17CEF2891BEAC00E0BEB0 /* ResourceBarStack.swift in Sources */ = {isa = PBXBuildFile; fileRef = 1FD17CEE2891BEAC00E0BEB0 /* ResourceBarStack.swift */; };
		1FD17CF1289228DD00E0BEB0 /* GameUsecase.swift in Sources */ = {isa = PBXBuildFile; fileRef = 1FD17CF0289228DD00E0BEB0 /* GameUsecase.swift */; };
/* End PBXBuildFile section */

/* Begin PBXContainerItemProxy section */
		1F5CA81F28760D88002D92CF /* PBXContainerItemProxy */ = {
			isa = PBXContainerItemProxy;
			containerPortal = 1F5CA80528760D87002D92CF /* Project object */;
			proxyType = 1;
			remoteGlobalIDString = 1F5CA80C28760D87002D92CF;
			remoteInfo = SimpleARPG;
		};
		1F5CA82928760D88002D92CF /* PBXContainerItemProxy */ = {
			isa = PBXContainerItemProxy;
			containerPortal = 1F5CA80528760D87002D92CF /* Project object */;
			proxyType = 1;
			remoteGlobalIDString = 1F5CA80C28760D87002D92CF;
			remoteInfo = SimpleARPG;
		};
/* End PBXContainerItemProxy section */

/* Begin PBXFileReference section */
		1F1DE189287CEFD700D4FD9D /* cryos-font.ttf */ = {isa = PBXFileReference; lastKnownFileType = file; path = "cryos-font.ttf"; sourceTree = "<group>"; };
		1F1DE18B287CEFEA00D4FD9D /* Info.plist */ = {isa = PBXFileReference; lastKnownFileType = text.plist; path = Info.plist; sourceTree = "<group>"; };
		1F1DE18C287CF0F200D4FD9D /* Fonts.swift */ = {isa = PBXFileReference; lastKnownFileType = sourcecode.swift; path = Fonts.swift; sourceTree = "<group>"; };
		1F1DE18E287DBC2100D4FD9D /* Encounter.swift */ = {isa = PBXFileReference; lastKnownFileType = sourcecode.swift; path = Encounter.swift; sourceTree = "<group>"; };
		1F200F23289482D0004442A1 /* InventoryGrid.swift */ = {isa = PBXFileReference; lastKnownFileType = sourcecode.swift; path = InventoryGrid.swift; sourceTree = "<group>"; };
		1F2D5BC5288902E00061F4D3 /* TreeDiagram.swift */ = {isa = PBXFileReference; lastKnownFileType = sourcecode.swift; path = TreeDiagram.swift; sourceTree = "<group>"; };
		1F2D5BC72889037E0061F4D3 /* Extensions+CGPoint.swift */ = {isa = PBXFileReference; lastKnownFileType = sourcecode.swift; path = "Extensions+CGPoint.swift"; sourceTree = "<group>"; };
		1F2D5BC92889B4690061F4D3 /* EncounterPreview.swift */ = {isa = PBXFileReference; lastKnownFileType = sourcecode.swift; path = EncounterPreview.swift; sourceTree = "<group>"; };
		1F344CED28AEF64E006102B1 /* Dagger.swift */ = {isa = PBXFileReference; lastKnownFileType = sourcecode.swift; path = Dagger.swift; sourceTree = "<group>"; };
		1F344CEF28B7DF1F006102B1 /* FoodPreview.swift */ = {isa = PBXFileReference; lastKnownFileType = sourcecode.swift; path = FoodPreview.swift; sourceTree = "<group>"; };
		1F344CF328B7F56E006102B1 /* Helmet.swift */ = {isa = PBXFileReference; lastKnownFileType = sourcecode.swift; path = Helmet.swift; sourceTree = "<group>"; };
		1F344CF528B8060B006102B1 /* FileManager.swift */ = {isa = PBXFileReference; lastKnownFileType = sourcecode.swift; path = FileManager.swift; sourceTree = "<group>"; };
		1F344CF728B806B8006102B1 /* LocalStore.swift */ = {isa = PBXFileReference; lastKnownFileType = sourcecode.swift; path = LocalStore.swift; sourceTree = "<group>"; };
		1F345E83287F5BA700A4E452 /* StatsView.swift */ = {isa = PBXFileReference; lastKnownFileType = sourcecode.swift; path = StatsView.swift; sourceTree = "<group>"; };
		1F345E85287F5D2100A4E452 /* Stats.swift */ = {isa = PBXFileReference; lastKnownFileType = sourcecode.swift; path = Stats.swift; sourceTree = "<group>"; };
		1F35B6F6287E3B350038D3DA /* Monster.swift */ = {isa = PBXFileReference; lastKnownFileType = sourcecode.swift; path = Monster.swift; sourceTree = "<group>"; };
		1F35B6F8287E467A0038D3DA /* EquipmentPreview.swift */ = {isa = PBXFileReference; lastKnownFileType = sourcecode.swift; path = EquipmentPreview.swift; sourceTree = "<group>"; };
		1F35B6FD287E81F50038D3DA /* EncounterModifierPreview.swift */ = {isa = PBXFileReference; lastKnownFileType = sourcecode.swift; path = EncounterModifierPreview.swift; sourceTree = "<group>"; };
		1F403A7E2882672000CC3130 /* EncounterConfirm.swift */ = {isa = PBXFileReference; lastKnownFileType = sourcecode.swift; path = EncounterConfirm.swift; sourceTree = "<group>"; };
		1F5CA80D28760D87002D92CF /* SimpleARPG.app */ = {isa = PBXFileReference; explicitFileType = wrapper.application; includeInIndex = 0; path = SimpleARPG.app; sourceTree = BUILT_PRODUCTS_DIR; };
		1F5CA81028760D87002D92CF /* SimpleARPGApp.swift */ = {isa = PBXFileReference; lastKnownFileType = sourcecode.swift; path = SimpleARPGApp.swift; sourceTree = "<group>"; };
		1F5CA81228760D87002D92CF /* GameView.swift */ = {isa = PBXFileReference; lastKnownFileType = sourcecode.swift; path = GameView.swift; sourceTree = "<group>"; };
		1F5CA81428760D88002D92CF /* Assets.xcassets */ = {isa = PBXFileReference; lastKnownFileType = folder.assetcatalog; path = Assets.xcassets; sourceTree = "<group>"; };
		1F5CA81628760D88002D92CF /* SimpleARPG.entitlements */ = {isa = PBXFileReference; lastKnownFileType = text.plist.entitlements; path = SimpleARPG.entitlements; sourceTree = "<group>"; };
		1F5CA81828760D88002D92CF /* Preview Assets.xcassets */ = {isa = PBXFileReference; lastKnownFileType = folder.assetcatalog; path = "Preview Assets.xcassets"; sourceTree = "<group>"; };
		1F5CA81E28760D88002D92CF /* SimpleARPGTests.xctest */ = {isa = PBXFileReference; explicitFileType = wrapper.cfbundle; includeInIndex = 0; path = SimpleARPGTests.xctest; sourceTree = BUILT_PRODUCTS_DIR; };
		1F5CA82228760D88002D92CF /* SimpleARPGTests.swift */ = {isa = PBXFileReference; lastKnownFileType = sourcecode.swift; path = SimpleARPGTests.swift; sourceTree = "<group>"; };
		1F5CA82828760D88002D92CF /* SimpleARPGUITests.xctest */ = {isa = PBXFileReference; explicitFileType = wrapper.cfbundle; includeInIndex = 0; path = SimpleARPGUITests.xctest; sourceTree = BUILT_PRODUCTS_DIR; };
		1F5CA82C28760D88002D92CF /* SimpleARPGUITests.swift */ = {isa = PBXFileReference; lastKnownFileType = sourcecode.swift; path = SimpleARPGUITests.swift; sourceTree = "<group>"; };
		1F5CA82E28760D88002D92CF /* SimpleARPGUITestsLaunchTests.swift */ = {isa = PBXFileReference; lastKnownFileType = sourcecode.swift; path = SimpleARPGUITestsLaunchTests.swift; sourceTree = "<group>"; };
		1F5CA841287651C6002D92CF /* TabView.swift */ = {isa = PBXFileReference; lastKnownFileType = sourcecode.swift; path = TabView.swift; sourceTree = "<group>"; };
		1F5CA84428765FD8002D92CF /* Colors.swift */ = {isa = PBXFileReference; lastKnownFileType = sourcecode.swift; path = Colors.swift; sourceTree = "<group>"; };
		1F5CA846287663BB002D92CF /* PlayerInventoryView.swift */ = {isa = PBXFileReference; lastKnownFileType = sourcecode.swift; path = PlayerInventoryView.swift; sourceTree = "<group>"; };
		1F5CA849287663ED002D92CF /* Equipment.swift */ = {isa = PBXFileReference; lastKnownFileType = sourcecode.swift; path = Equipment.swift; sourceTree = "<group>"; };
		1F5CA84B2876643A002D92CF /* Item.swift */ = {isa = PBXFileReference; lastKnownFileType = sourcecode.swift; path = Item.swift; sourceTree = "<group>"; };
		1F5CA84D28766449002D92CF /* Food.swift */ = {isa = PBXFileReference; lastKnownFileType = sourcecode.swift; path = Food.swift; sourceTree = "<group>"; };
		1F5CA84F28766473002D92CF /* Player.swift */ = {isa = PBXFileReference; lastKnownFileType = sourcecode.swift; path = Player.swift; sourceTree = "<group>"; };
		1F5CA8512876648B002D92CF /* InventorySlot.swift */ = {isa = PBXFileReference; lastKnownFileType = sourcecode.swift; path = InventorySlot.swift; sourceTree = "<group>"; };
		1F5CA853287665B8002D92CF /* EquipmentView.swift */ = {isa = PBXFileReference; lastKnownFileType = sourcecode.swift; path = EquipmentView.swift; sourceTree = "<group>"; };
		1F5CA85628768187002D92CF /* Extensions+View.swift */ = {isa = PBXFileReference; lastKnownFileType = sourcecode.swift; path = "Extensions+View.swift"; sourceTree = "<group>"; };
		1F5CA858287688A7002D92CF /* ItemPreview.swift */ = {isa = PBXFileReference; lastKnownFileType = sourcecode.swift; path = ItemPreview.swift; sourceTree = "<group>"; };
		1F5CA85A2877A734002D92CF /* HapticsManager.swift */ = {isa = PBXFileReference; lastKnownFileType = sourcecode.swift; path = HapticsManager.swift; sourceTree = "<group>"; };
		1F5CA85C2877C6FA002D92CF /* ResourceBar.swift */ = {isa = PBXFileReference; lastKnownFileType = sourcecode.swift; path = ResourceBar.swift; sourceTree = "<group>"; };
		1F71638228987F560012B04C /* Monster+Base.swift */ = {isa = PBXFileReference; lastKnownFileType = sourcecode.swift; path = "Monster+Base.swift"; sourceTree = "<group>"; };
		1F767D732899F8EC0016E6B8 /* OneHandedAxe.swift */ = {isa = PBXFileReference; lastKnownFileType = sourcecode.swift; path = OneHandedAxe.swift; sourceTree = "<group>"; };
		1F767D752899F9010016E6B8 /* Bow.swift */ = {isa = PBXFileReference; lastKnownFileType = sourcecode.swift; path = Bow.swift; sourceTree = "<group>"; };
		1F767D77289A2B5C0016E6B8 /* YouWonView.swift */ = {isa = PBXFileReference; lastKnownFileType = sourcecode.swift; path = YouWonView.swift; sourceTree = "<group>"; };
		1F767D7B289B85CD0016E6B8 /* Vendor.swift */ = {isa = PBXFileReference; lastKnownFileType = sourcecode.swift; path = Vendor.swift; sourceTree = "<group>"; };
		1F767D7D289B8DA40016E6B8 /* VendorView.swift */ = {isa = PBXFileReference; lastKnownFileType = sourcecode.swift; path = VendorView.swift; sourceTree = "<group>"; };
		1F767D7F289D966C0016E6B8 /* MessageView.swift */ = {isa = PBXFileReference; lastKnownFileType = sourcecode.swift; path = MessageView.swift; sourceTree = "<group>"; };
		1F767D81289D991B0016E6B8 /* Message.swift */ = {isa = PBXFileReference; lastKnownFileType = sourcecode.swift; path = Message.swift; sourceTree = "<group>"; };
		1F9D205728B91809006D55C3 /* Codable+Extensions.swift */ = {isa = PBXFileReference; lastKnownFileType = sourcecode.swift; path = "Codable+Extensions.swift"; sourceTree = "<group>"; };
		1FAC93F528865C6C00ED7F38 /* CombatClient.swift */ = {isa = PBXFileReference; lastKnownFileType = sourcecode.swift; path = CombatClient.swift; sourceTree = "<group>"; };
		1FAC93F728865CA800ED7F38 /* Damage.swift */ = {isa = PBXFileReference; lastKnownFileType = sourcecode.swift; path = Damage.swift; sourceTree = "<group>"; };
		1FAC93F92887743800ED7F38 /* Haptics.swift */ = {isa = PBXFileReference; lastKnownFileType = sourcecode.swift; path = Haptics.swift; sourceTree = "<group>"; };
		1FD17CE62891B8C900E0BEB0 /* TabRowView.swift */ = {isa = PBXFileReference; lastKnownFileType = sourcecode.swift; path = TabRowView.swift; sourceTree = "<group>"; };
		1FD17CE82891BBF500E0BEB0 /* PlayerView.swift */ = {isa = PBXFileReference; lastKnownFileType = sourcecode.swift; path = PlayerView.swift; sourceTree = "<group>"; };
		1FD17CEC2891BD7900E0BEB0 /* YouDiedView.swift */ = {isa = PBXFileReference; lastKnownFileType = sourcecode.swift; path = YouDiedView.swift; sourceTree = "<group>"; };
		1FD17CEE2891BEAC00E0BEB0 /* ResourceBarStack.swift */ = {isa = PBXFileReference; lastKnownFileType = sourcecode.swift; path = ResourceBarStack.swift; sourceTree = "<group>"; };
		1FD17CF0289228DD00E0BEB0 /* GameUsecase.swift */ = {isa = PBXFileReference; lastKnownFileType = sourcecode.swift; path = GameUsecase.swift; sourceTree = "<group>"; };
/* End PBXFileReference section */

/* Begin PBXFrameworksBuildPhase section */
		1F5CA80A28760D87002D92CF /* Frameworks */ = {
			isa = PBXFrameworksBuildPhase;
			buildActionMask = 2147483647;
			files = (
				1F5CA83D28760DB2002D92CF /* ComposableArchitecture in Frameworks */,
				1F9D205628B9152F006D55C3 /* BetterCodable in Frameworks */,
			);
			runOnlyForDeploymentPostprocessing = 0;
		};
		1F5CA81B28760D88002D92CF /* Frameworks */ = {
			isa = PBXFrameworksBuildPhase;
			buildActionMask = 2147483647;
			files = (
			);
			runOnlyForDeploymentPostprocessing = 0;
		};
		1F5CA82528760D88002D92CF /* Frameworks */ = {
			isa = PBXFrameworksBuildPhase;
			buildActionMask = 2147483647;
			files = (
			);
			runOnlyForDeploymentPostprocessing = 0;
		};
/* End PBXFrameworksBuildPhase section */

/* Begin PBXGroup section */
		1F200F2228946A4A004442A1 /* Inventory */ = {
			isa = PBXGroup;
			children = (
				1F5CA846287663BB002D92CF /* PlayerInventoryView.swift */,
				1F200F23289482D0004442A1 /* InventoryGrid.swift */,
			);
			path = Inventory;
			sourceTree = "<group>";
		};
		1F2D5BCB2889B4710061F4D3 /* Encounter */ = {
			isa = PBXGroup;
			children = (
				1F403A7E2882672000CC3130 /* EncounterConfirm.swift */,
				1F2D5BC92889B4690061F4D3 /* EncounterPreview.swift */,
				1F35B6FD287E81F50038D3DA /* EncounterModifierPreview.swift */,
			);
			path = Encounter;
			sourceTree = "<group>";
		};
		1F344CF128B7F560006102B1 /* Weapons */ = {
			isa = PBXGroup;
			children = (
				1F767D732899F8EC0016E6B8 /* OneHandedAxe.swift */,
				1F767D752899F9010016E6B8 /* Bow.swift */,
				1F344CED28AEF64E006102B1 /* Dagger.swift */,
			);
			path = Weapons;
			sourceTree = "<group>";
		};
		1F344CF228B7F564006102B1 /* Armor */ = {
			isa = PBXGroup;
			children = (
				1F344CF328B7F56E006102B1 /* Helmet.swift */,
			);
			path = Armor;
			sourceTree = "<group>";
		};
		1F35B6FA287E48830038D3DA /* Preview */ = {
			isa = PBXGroup;
			children = (
				1F2D5BCB2889B4710061F4D3 /* Encounter */,
				1F5CA858287688A7002D92CF /* ItemPreview.swift */,
				1F35B6F8287E467A0038D3DA /* EquipmentPreview.swift */,
				1F344CEF28B7DF1F006102B1 /* FoodPreview.swift */,
			);
			path = Preview;
			sourceTree = "<group>";
		};
		1F5CA80428760D87002D92CF = {
			isa = PBXGroup;
			children = (
				1F5CA80F28760D87002D92CF /* SimpleARPG */,
				1F5CA82128760D88002D92CF /* SimpleARPGTests */,
				1F5CA82B28760D88002D92CF /* SimpleARPGUITests */,
				1F5CA80E28760D87002D92CF /* Products */,
			);
			sourceTree = "<group>";
		};
		1F5CA80E28760D87002D92CF /* Products */ = {
			isa = PBXGroup;
			children = (
				1F5CA80D28760D87002D92CF /* SimpleARPG.app */,
				1F5CA81E28760D88002D92CF /* SimpleARPGTests.xctest */,
				1F5CA82828760D88002D92CF /* SimpleARPGUITests.xctest */,
			);
			name = Products;
			sourceTree = "<group>";
		};
		1F5CA80F28760D87002D92CF /* SimpleARPG */ = {
			isa = PBXGroup;
			children = (
				1F1DE18B287CEFEA00D4FD9D /* Info.plist */,
				1F5CA81028760D87002D92CF /* SimpleARPGApp.swift */,
				1F5CA848287663D8002D92CF /* Models */,
				1F5CA84328765FD1002D92CF /* Utility */,
				1F5CA83E287651AA002D92CF /* Components */,
				1FD17CE52891B8BE00E0BEB0 /* GameView */,
				1F1DE189287CEFD700D4FD9D /* cryos-font.ttf */,
				1F5CA81428760D88002D92CF /* Assets.xcassets */,
				1F5CA81628760D88002D92CF /* SimpleARPG.entitlements */,
				1F5CA81728760D88002D92CF /* Preview Content */,
			);
			path = SimpleARPG;
			sourceTree = "<group>";
		};
		1F5CA81728760D88002D92CF /* Preview Content */ = {
			isa = PBXGroup;
			children = (
				1F5CA81828760D88002D92CF /* Preview Assets.xcassets */,
			);
			path = "Preview Content";
			sourceTree = "<group>";
		};
		1F5CA82128760D88002D92CF /* SimpleARPGTests */ = {
			isa = PBXGroup;
			children = (
				1F5CA82228760D88002D92CF /* SimpleARPGTests.swift */,
			);
			path = SimpleARPGTests;
			sourceTree = "<group>";
		};
		1F5CA82B28760D88002D92CF /* SimpleARPGUITests */ = {
			isa = PBXGroup;
			children = (
				1F5CA82C28760D88002D92CF /* SimpleARPGUITests.swift */,
				1F5CA82E28760D88002D92CF /* SimpleARPGUITestsLaunchTests.swift */,
			);
			path = SimpleARPGUITests;
			sourceTree = "<group>";
		};
		1F5CA83E287651AA002D92CF /* Components */ = {
			isa = PBXGroup;
			children = (
				1F2D5BC5288902E00061F4D3 /* TreeDiagram.swift */,
				1F5CA85C2877C6FA002D92CF /* ResourceBar.swift */,
				1F5CA853287665B8002D92CF /* EquipmentView.swift */,
				1F200F2228946A4A004442A1 /* Inventory */,
				1F345E83287F5BA700A4E452 /* StatsView.swift */,
				1F35B6FA287E48830038D3DA /* Preview */,
			);
			path = Components;
			sourceTree = "<group>";
		};
		1F5CA84328765FD1002D92CF /* Utility */ = {
			isa = PBXGroup;
			children = (
				1F344CF528B8060B006102B1 /* FileManager.swift */,
				1F344CF728B806B8006102B1 /* LocalStore.swift */,
				1FAC93F528865C6C00ED7F38 /* CombatClient.swift */,
				1F5CA84428765FD8002D92CF /* Colors.swift */,
				1F5CA85A2877A734002D92CF /* HapticsManager.swift */,
				1F5CA8552876817E002D92CF /* Extensions */,
				1F1DE18C287CF0F200D4FD9D /* Fonts.swift */,
				1FAC93F92887743800ED7F38 /* Haptics.swift */,
			);
			path = Utility;
			sourceTree = "<group>";
		};
		1F5CA848287663D8002D92CF /* Models */ = {
			isa = PBXGroup;
			children = (
				1F767D722899F8DC0016E6B8 /* Equipment */,
				1F5CA84D28766449002D92CF /* Food.swift */,
				1F5CA84B2876643A002D92CF /* Item.swift */,
				1F5CA84F28766473002D92CF /* Player.swift */,
				1F5CA8512876648B002D92CF /* InventorySlot.swift */,
				1F1DE18E287DBC2100D4FD9D /* Encounter.swift */,
				1F71638128987F430012B04C /* Monster */,
				1F345E85287F5D2100A4E452 /* Stats.swift */,
				1FAC93F728865CA800ED7F38 /* Damage.swift */,
				1F767D7B289B85CD0016E6B8 /* Vendor.swift */,
				1F767D81289D991B0016E6B8 /* Message.swift */,
			);
			path = Models;
			sourceTree = "<group>";
		};
		1F5CA8552876817E002D92CF /* Extensions */ = {
			isa = PBXGroup;
			children = (
				1F5CA85628768187002D92CF /* Extensions+View.swift */,
				1F2D5BC72889037E0061F4D3 /* Extensions+CGPoint.swift */,
				1F9D205728B91809006D55C3 /* Codable+Extensions.swift */,
			);
			path = Extensions;
			sourceTree = "<group>";
		};
		1F71638128987F430012B04C /* Monster */ = {
			isa = PBXGroup;
			children = (
				1F35B6F6287E3B350038D3DA /* Monster.swift */,
				1F71638228987F560012B04C /* Monster+Base.swift */,
			);
			path = Monster;
			sourceTree = "<group>";
		};
		1F767D722899F8DC0016E6B8 /* Equipment */ = {
			isa = PBXGroup;
			children = (
				1F344CF228B7F564006102B1 /* Armor */,
				1F344CF128B7F560006102B1 /* Weapons */,
				1F5CA849287663ED002D92CF /* Equipment.swift */,
			);
			path = Equipment;
			sourceTree = "<group>";
		};
		1FD17CE52891B8BE00E0BEB0 /* GameView */ = {
			isa = PBXGroup;
			children = (
				1FD17CF0289228DD00E0BEB0 /* GameUsecase.swift */,
				1F5CA81228760D87002D92CF /* GameView.swift */,
				1FD17CE62891B8C900E0BEB0 /* TabRowView.swift */,
				1F5CA841287651C6002D92CF /* TabView.swift */,
				1FD17CE82891BBF500E0BEB0 /* PlayerView.swift */,
				1FD17CEC2891BD7900E0BEB0 /* YouDiedView.swift */,
				1F767D77289A2B5C0016E6B8 /* YouWonView.swift */,
				1FD17CEE2891BEAC00E0BEB0 /* ResourceBarStack.swift */,
				1F767D7D289B8DA40016E6B8 /* VendorView.swift */,
				1F767D7F289D966C0016E6B8 /* MessageView.swift */,
			);
			path = GameView;
			sourceTree = "<group>";
		};
/* End PBXGroup section */

/* Begin PBXNativeTarget section */
		1F5CA80C28760D87002D92CF /* SimpleARPG */ = {
			isa = PBXNativeTarget;
			buildConfigurationList = 1F5CA83228760D88002D92CF /* Build configuration list for PBXNativeTarget "SimpleARPG" */;
			buildPhases = (
				1F5CA80928760D87002D92CF /* Sources */,
				1F5CA80A28760D87002D92CF /* Frameworks */,
				1F5CA80B28760D87002D92CF /* Resources */,
			);
			buildRules = (
			);
			dependencies = (
			);
			name = SimpleARPG;
			packageProductDependencies = (
				1F5CA83C28760DB2002D92CF /* ComposableArchitecture */,
				1F9D205528B9152F006D55C3 /* BetterCodable */,
			);
			productName = SimpleARPG;
			productReference = 1F5CA80D28760D87002D92CF /* SimpleARPG.app */;
			productType = "com.apple.product-type.application";
		};
		1F5CA81D28760D88002D92CF /* SimpleARPGTests */ = {
			isa = PBXNativeTarget;
			buildConfigurationList = 1F5CA83528760D88002D92CF /* Build configuration list for PBXNativeTarget "SimpleARPGTests" */;
			buildPhases = (
				1F5CA81A28760D88002D92CF /* Sources */,
				1F5CA81B28760D88002D92CF /* Frameworks */,
				1F5CA81C28760D88002D92CF /* Resources */,
			);
			buildRules = (
			);
			dependencies = (
				1F5CA82028760D88002D92CF /* PBXTargetDependency */,
			);
			name = SimpleARPGTests;
			productName = SimpleARPGTests;
			productReference = 1F5CA81E28760D88002D92CF /* SimpleARPGTests.xctest */;
			productType = "com.apple.product-type.bundle.unit-test";
		};
		1F5CA82728760D88002D92CF /* SimpleARPGUITests */ = {
			isa = PBXNativeTarget;
			buildConfigurationList = 1F5CA83828760D88002D92CF /* Build configuration list for PBXNativeTarget "SimpleARPGUITests" */;
			buildPhases = (
				1F5CA82428760D88002D92CF /* Sources */,
				1F5CA82528760D88002D92CF /* Frameworks */,
				1F5CA82628760D88002D92CF /* Resources */,
			);
			buildRules = (
			);
			dependencies = (
				1F5CA82A28760D88002D92CF /* PBXTargetDependency */,
			);
			name = SimpleARPGUITests;
			productName = SimpleARPGUITests;
			productReference = 1F5CA82828760D88002D92CF /* SimpleARPGUITests.xctest */;
			productType = "com.apple.product-type.bundle.ui-testing";
		};
/* End PBXNativeTarget section */

/* Begin PBXProject section */
		1F5CA80528760D87002D92CF /* Project object */ = {
			isa = PBXProject;
			attributes = {
				BuildIndependentTargetsInParallel = 1;
				LastSwiftUpdateCheck = 1400;
				LastUpgradeCheck = 1400;
				TargetAttributes = {
					1F5CA80C28760D87002D92CF = {
						CreatedOnToolsVersion = 14.0;
					};
					1F5CA81D28760D88002D92CF = {
						CreatedOnToolsVersion = 14.0;
						TestTargetID = 1F5CA80C28760D87002D92CF;
					};
					1F5CA82728760D88002D92CF = {
						CreatedOnToolsVersion = 14.0;
						TestTargetID = 1F5CA80C28760D87002D92CF;
					};
				};
			};
			buildConfigurationList = 1F5CA80828760D87002D92CF /* Build configuration list for PBXProject "SimpleARPG" */;
			compatibilityVersion = "Xcode 14.0";
			developmentRegion = en;
			hasScannedForEncodings = 0;
			knownRegions = (
				en,
				Base,
			);
			mainGroup = 1F5CA80428760D87002D92CF;
			packageReferences = (
				1F5CA83B28760DB2002D92CF /* XCRemoteSwiftPackageReference "swift-composable-architecture" */,
				1F9D205428B9152F006D55C3 /* XCRemoteSwiftPackageReference "BetterCodable" */,
			);
			productRefGroup = 1F5CA80E28760D87002D92CF /* Products */;
			projectDirPath = "";
			projectRoot = "";
			targets = (
				1F5CA80C28760D87002D92CF /* SimpleARPG */,
				1F5CA81D28760D88002D92CF /* SimpleARPGTests */,
				1F5CA82728760D88002D92CF /* SimpleARPGUITests */,
			);
		};
/* End PBXProject section */

/* Begin PBXResourcesBuildPhase section */
		1F5CA80B28760D87002D92CF /* Resources */ = {
			isa = PBXResourcesBuildPhase;
			buildActionMask = 2147483647;
			files = (
				1F5CA81928760D88002D92CF /* Preview Assets.xcassets in Resources */,
				1F1DE18A287CEFD700D4FD9D /* cryos-font.ttf in Resources */,
				1F5CA81528760D88002D92CF /* Assets.xcassets in Resources */,
			);
			runOnlyForDeploymentPostprocessing = 0;
		};
		1F5CA81C28760D88002D92CF /* Resources */ = {
			isa = PBXResourcesBuildPhase;
			buildActionMask = 2147483647;
			files = (
			);
			runOnlyForDeploymentPostprocessing = 0;
		};
		1F5CA82628760D88002D92CF /* Resources */ = {
			isa = PBXResourcesBuildPhase;
			buildActionMask = 2147483647;
			files = (
			);
			runOnlyForDeploymentPostprocessing = 0;
		};
/* End PBXResourcesBuildPhase section */

/* Begin PBXSourcesBuildPhase section */
		1F5CA80928760D87002D92CF /* Sources */ = {
			isa = PBXSourcesBuildPhase;
			buildActionMask = 2147483647;
			files = (
				1F767D7E289B8DA40016E6B8 /* VendorView.swift in Sources */,
				1FD17CEF2891BEAC00E0BEB0 /* ResourceBarStack.swift in Sources */,
				1F1DE18D287CF0F200D4FD9D /* Fonts.swift in Sources */,
				1FD17CE92891BBF500E0BEB0 /* PlayerView.swift in Sources */,
				1F345E86287F5D2100A4E452 /* Stats.swift in Sources */,
				1F5CA81328760D87002D92CF /* GameView.swift in Sources */,
				1F5CA847287663BB002D92CF /* PlayerInventoryView.swift in Sources */,
				1F71638328987F560012B04C /* Monster+Base.swift in Sources */,
				1FD17CED2891BD7900E0BEB0 /* YouDiedView.swift in Sources */,
				1F5CA85B2877A734002D92CF /* HapticsManager.swift in Sources */,
				1F767D82289D991B0016E6B8 /* Message.swift in Sources */,
				1F1DE18F287DBC2100D4FD9D /* Encounter.swift in Sources */,
				1F2D5BCA2889B4690061F4D3 /* EncounterPreview.swift in Sources */,
				1F344CEE28AEF64E006102B1 /* Dagger.swift in Sources */,
				1F767D80289D966C0016E6B8 /* MessageView.swift in Sources */,
				1FD17CE72891B8C900E0BEB0 /* TabRowView.swift in Sources */,
				1F403A7F2882672000CC3130 /* EncounterConfirm.swift in Sources */,
				1F767D742899F8EC0016E6B8 /* OneHandedAxe.swift in Sources */,
				1F345E84287F5BA700A4E452 /* StatsView.swift in Sources */,
				1F5CA8522876648B002D92CF /* InventorySlot.swift in Sources */,
				1F5CA84A287663ED002D92CF /* Equipment.swift in Sources */,
				1F5CA854287665B8002D92CF /* EquipmentView.swift in Sources */,
				1F767D762899F9010016E6B8 /* Bow.swift in Sources */,
				1F5CA84528765FD8002D92CF /* Colors.swift in Sources */,
				1F200F24289482D0004442A1 /* InventoryGrid.swift in Sources */,
				1FAC93F828865CA800ED7F38 /* Damage.swift in Sources */,
				1F5CA84C2876643A002D92CF /* Item.swift in Sources */,
				1F35B6F9287E467A0038D3DA /* EquipmentPreview.swift in Sources */,
				1FD17CF1289228DD00E0BEB0 /* GameUsecase.swift in Sources */,
				1F35B6F7287E3B350038D3DA /* Monster.swift in Sources */,
				1F344CF628B8060B006102B1 /* FileManager.swift in Sources */,
				1F5CA84E28766449002D92CF /* Food.swift in Sources */,
				1F5CA842287651C6002D92CF /* TabView.swift in Sources */,
				1F344CF428B7F56E006102B1 /* Helmet.swift in Sources */,
				1F35B6FE287E81F50038D3DA /* EncounterModifierPreview.swift in Sources */,
				1F344CF828B806B8006102B1 /* LocalStore.swift in Sources */,
				1F767D78289A2B5C0016E6B8 /* YouWonView.swift in Sources */,
				1FAC93F628865C6C00ED7F38 /* CombatClient.swift in Sources */,
				1F9D205828B91809006D55C3 /* Codable+Extensions.swift in Sources */,
				1FAC93FA2887743800ED7F38 /* Haptics.swift in Sources */,
				1F5CA85D2877C6FA002D92CF /* ResourceBar.swift in Sources */,
				1F2D5BC82889037E0061F4D3 /* Extensions+CGPoint.swift in Sources */,
				1F5CA85028766473002D92CF /* Player.swift in Sources */,
				1F5CA85728768187002D92CF /* Extensions+View.swift in Sources */,
				1F5CA81128760D87002D92CF /* SimpleARPGApp.swift in Sources */,
				1F767D7C289B85CD0016E6B8 /* Vendor.swift in Sources */,
				1F5CA859287688A7002D92CF /* ItemPreview.swift in Sources */,
				1F344CF028B7DF1F006102B1 /* FoodPreview.swift in Sources */,
				1F2D5BC6288902E00061F4D3 /* TreeDiagram.swift in Sources */,
			);
			runOnlyForDeploymentPostprocessing = 0;
		};
		1F5CA81A28760D88002D92CF /* Sources */ = {
			isa = PBXSourcesBuildPhase;
			buildActionMask = 2147483647;
			files = (
				1F5CA82328760D88002D92CF /* SimpleARPGTests.swift in Sources */,
			);
			runOnlyForDeploymentPostprocessing = 0;
		};
		1F5CA82428760D88002D92CF /* Sources */ = {
			isa = PBXSourcesBuildPhase;
			buildActionMask = 2147483647;
			files = (
				1F5CA82F28760D88002D92CF /* SimpleARPGUITestsLaunchTests.swift in Sources */,
				1F5CA82D28760D88002D92CF /* SimpleARPGUITests.swift in Sources */,
			);
			runOnlyForDeploymentPostprocessing = 0;
		};
/* End PBXSourcesBuildPhase section */

/* Begin PBXTargetDependency section */
		1F5CA82028760D88002D92CF /* PBXTargetDependency */ = {
			isa = PBXTargetDependency;
			target = 1F5CA80C28760D87002D92CF /* SimpleARPG */;
			targetProxy = 1F5CA81F28760D88002D92CF /* PBXContainerItemProxy */;
		};
		1F5CA82A28760D88002D92CF /* PBXTargetDependency */ = {
			isa = PBXTargetDependency;
			target = 1F5CA80C28760D87002D92CF /* SimpleARPG */;
			targetProxy = 1F5CA82928760D88002D92CF /* PBXContainerItemProxy */;
		};
/* End PBXTargetDependency section */

/* Begin XCBuildConfiguration section */
		1F5CA83028760D88002D92CF /* Debug */ = {
			isa = XCBuildConfiguration;
			buildSettings = {
				ALWAYS_SEARCH_USER_PATHS = NO;
				CLANG_ANALYZER_NONNULL = YES;
				CLANG_ANALYZER_NUMBER_OBJECT_CONVERSION = YES_AGGRESSIVE;
				CLANG_CXX_LANGUAGE_STANDARD = "gnu++17";
				CLANG_ENABLE_MODULES = YES;
				CLANG_ENABLE_OBJC_ARC = YES;
				CLANG_ENABLE_OBJC_WEAK = YES;
				CLANG_WARN_BLOCK_CAPTURE_AUTORELEASING = YES;
				CLANG_WARN_BOOL_CONVERSION = YES;
				CLANG_WARN_COMMA = YES;
				CLANG_WARN_CONSTANT_CONVERSION = YES;
				CLANG_WARN_DEPRECATED_OBJC_IMPLEMENTATIONS = YES;
				CLANG_WARN_DIRECT_OBJC_ISA_USAGE = YES_ERROR;
				CLANG_WARN_DOCUMENTATION_COMMENTS = YES;
				CLANG_WARN_EMPTY_BODY = YES;
				CLANG_WARN_ENUM_CONVERSION = YES;
				CLANG_WARN_INFINITE_RECURSION = YES;
				CLANG_WARN_INT_CONVERSION = YES;
				CLANG_WARN_NON_LITERAL_NULL_CONVERSION = YES;
				CLANG_WARN_OBJC_IMPLICIT_RETAIN_SELF = YES;
				CLANG_WARN_OBJC_LITERAL_CONVERSION = YES;
				CLANG_WARN_OBJC_ROOT_CLASS = YES_ERROR;
				CLANG_WARN_QUOTED_INCLUDE_IN_FRAMEWORK_HEADER = YES;
				CLANG_WARN_RANGE_LOOP_ANALYSIS = YES;
				CLANG_WARN_STRICT_PROTOTYPES = YES;
				CLANG_WARN_SUSPICIOUS_MOVE = YES;
				CLANG_WARN_UNGUARDED_AVAILABILITY = YES_AGGRESSIVE;
				CLANG_WARN_UNREACHABLE_CODE = YES;
				CLANG_WARN__DUPLICATE_METHOD_MATCH = YES;
				COPY_PHASE_STRIP = NO;
				DEBUG_INFORMATION_FORMAT = dwarf;
				ENABLE_STRICT_OBJC_MSGSEND = YES;
				ENABLE_TESTABILITY = YES;
				GCC_C_LANGUAGE_STANDARD = gnu11;
				GCC_DYNAMIC_NO_PIC = NO;
				GCC_NO_COMMON_BLOCKS = YES;
				GCC_OPTIMIZATION_LEVEL = 0;
				GCC_PREPROCESSOR_DEFINITIONS = (
					"DEBUG=1",
					"$(inherited)",
				);
				GCC_WARN_64_TO_32_BIT_CONVERSION = YES;
				GCC_WARN_ABOUT_RETURN_TYPE = YES_ERROR;
				GCC_WARN_UNDECLARED_SELECTOR = YES;
				GCC_WARN_UNINITIALIZED_AUTOS = YES_AGGRESSIVE;
				GCC_WARN_UNUSED_FUNCTION = YES;
				GCC_WARN_UNUSED_VARIABLE = YES;
				IPHONEOS_DEPLOYMENT_TARGET = 16.0;
				MACOSX_DEPLOYMENT_TARGET = 13.0;
				MTL_ENABLE_DEBUG_INFO = INCLUDE_SOURCE;
				MTL_FAST_MATH = YES;
				ONLY_ACTIVE_ARCH = YES;
				SWIFT_ACTIVE_COMPILATION_CONDITIONS = DEBUG;
				SWIFT_OPTIMIZATION_LEVEL = "-Onone";
			};
			name = Debug;
		};
		1F5CA83128760D88002D92CF /* Release */ = {
			isa = XCBuildConfiguration;
			buildSettings = {
				ALWAYS_SEARCH_USER_PATHS = NO;
				CLANG_ANALYZER_NONNULL = YES;
				CLANG_ANALYZER_NUMBER_OBJECT_CONVERSION = YES_AGGRESSIVE;
				CLANG_CXX_LANGUAGE_STANDARD = "gnu++17";
				CLANG_ENABLE_MODULES = YES;
				CLANG_ENABLE_OBJC_ARC = YES;
				CLANG_ENABLE_OBJC_WEAK = YES;
				CLANG_WARN_BLOCK_CAPTURE_AUTORELEASING = YES;
				CLANG_WARN_BOOL_CONVERSION = YES;
				CLANG_WARN_COMMA = YES;
				CLANG_WARN_CONSTANT_CONVERSION = YES;
				CLANG_WARN_DEPRECATED_OBJC_IMPLEMENTATIONS = YES;
				CLANG_WARN_DIRECT_OBJC_ISA_USAGE = YES_ERROR;
				CLANG_WARN_DOCUMENTATION_COMMENTS = YES;
				CLANG_WARN_EMPTY_BODY = YES;
				CLANG_WARN_ENUM_CONVERSION = YES;
				CLANG_WARN_INFINITE_RECURSION = YES;
				CLANG_WARN_INT_CONVERSION = YES;
				CLANG_WARN_NON_LITERAL_NULL_CONVERSION = YES;
				CLANG_WARN_OBJC_IMPLICIT_RETAIN_SELF = YES;
				CLANG_WARN_OBJC_LITERAL_CONVERSION = YES;
				CLANG_WARN_OBJC_ROOT_CLASS = YES_ERROR;
				CLANG_WARN_QUOTED_INCLUDE_IN_FRAMEWORK_HEADER = YES;
				CLANG_WARN_RANGE_LOOP_ANALYSIS = YES;
				CLANG_WARN_STRICT_PROTOTYPES = YES;
				CLANG_WARN_SUSPICIOUS_MOVE = YES;
				CLANG_WARN_UNGUARDED_AVAILABILITY = YES_AGGRESSIVE;
				CLANG_WARN_UNREACHABLE_CODE = YES;
				CLANG_WARN__DUPLICATE_METHOD_MATCH = YES;
				COPY_PHASE_STRIP = NO;
				DEBUG_INFORMATION_FORMAT = "dwarf-with-dsym";
				ENABLE_NS_ASSERTIONS = NO;
				ENABLE_STRICT_OBJC_MSGSEND = YES;
				GCC_C_LANGUAGE_STANDARD = gnu11;
				GCC_NO_COMMON_BLOCKS = YES;
				GCC_WARN_64_TO_32_BIT_CONVERSION = YES;
				GCC_WARN_ABOUT_RETURN_TYPE = YES_ERROR;
				GCC_WARN_UNDECLARED_SELECTOR = YES;
				GCC_WARN_UNINITIALIZED_AUTOS = YES_AGGRESSIVE;
				GCC_WARN_UNUSED_FUNCTION = YES;
				GCC_WARN_UNUSED_VARIABLE = YES;
				IPHONEOS_DEPLOYMENT_TARGET = 16.0;
				MACOSX_DEPLOYMENT_TARGET = 13.0;
				MTL_ENABLE_DEBUG_INFO = NO;
				MTL_FAST_MATH = YES;
				SWIFT_COMPILATION_MODE = wholemodule;
				SWIFT_OPTIMIZATION_LEVEL = "-O";
			};
			name = Release;
		};
		1F5CA83328760D88002D92CF /* Debug */ = {
			isa = XCBuildConfiguration;
			buildSettings = {
				ASSETCATALOG_COMPILER_APPICON_NAME = AppIcon;
				ASSETCATALOG_COMPILER_GLOBAL_ACCENT_COLOR_NAME = AccentColor;
				CODE_SIGN_ENTITLEMENTS = SimpleARPG/SimpleARPG.entitlements;
				CODE_SIGN_STYLE = Automatic;
				CURRENT_PROJECT_VERSION = 2;
				DEVELOPMENT_ASSET_PATHS = "\"SimpleARPG/Preview Content\"";
				DEVELOPMENT_TEAM = Z2HT5GMEGY;
				ENABLE_HARDENED_RUNTIME = YES;
				ENABLE_PREVIEWS = YES;
				GENERATE_INFOPLIST_FILE = YES;
				INFOPLIST_FILE = SimpleARPG/Info.plist;
				"INFOPLIST_KEY_UILaunchScreen_Generation[sdk=iphoneos*]" = YES;
				"INFOPLIST_KEY_UILaunchScreen_Generation[sdk=iphonesimulator*]" = YES;
				INFOPLIST_KEY_UISupportedInterfaceOrientations_iPad = "UIInterfaceOrientationPortrait UIInterfaceOrientationPortraitUpsideDown UIInterfaceOrientationLandscapeLeft UIInterfaceOrientationLandscapeRight";
				INFOPLIST_KEY_UISupportedInterfaceOrientations_iPhone = "UIInterfaceOrientationPortrait UIInterfaceOrientationLandscapeLeft UIInterfaceOrientationLandscapeRight";
				IPHONEOS_DEPLOYMENT_TARGET = 16.0;
				LD_RUNPATH_SEARCH_PATHS = "@executable_path/Frameworks";
				"LD_RUNPATH_SEARCH_PATHS[sdk=macosx*]" = "@executable_path/../Frameworks";
				MACOSX_DEPLOYMENT_TARGET = 13.0;
				MARKETING_VERSION = 1.0.1;
				PRODUCT_BUNDLE_IDENTIFIER = com.brettrosen.SimpleARPG;
				PRODUCT_NAME = "$(TARGET_NAME)";
				SDKROOT = auto;
				SUPPORTED_PLATFORMS = "iphoneos iphonesimulator macosx";
				SWIFT_EMIT_LOC_STRINGS = YES;
				SWIFT_VERSION = 5.0;
				TARGETED_DEVICE_FAMILY = "1,2";
			};
			name = Debug;
		};
		1F5CA83428760D88002D92CF /* Release */ = {
			isa = XCBuildConfiguration;
			buildSettings = {
				ASSETCATALOG_COMPILER_APPICON_NAME = AppIcon;
				ASSETCATALOG_COMPILER_GLOBAL_ACCENT_COLOR_NAME = AccentColor;
				CODE_SIGN_ENTITLEMENTS = SimpleARPG/SimpleARPG.entitlements;
				CODE_SIGN_STYLE = Automatic;
				CURRENT_PROJECT_VERSION = 2;
				DEVELOPMENT_ASSET_PATHS = "\"SimpleARPG/Preview Content\"";
				DEVELOPMENT_TEAM = Z2HT5GMEGY;
				ENABLE_HARDENED_RUNTIME = YES;
				ENABLE_PREVIEWS = YES;
				GENERATE_INFOPLIST_FILE = YES;
				INFOPLIST_FILE = SimpleARPG/Info.plist;
				"INFOPLIST_KEY_UILaunchScreen_Generation[sdk=iphoneos*]" = YES;
				"INFOPLIST_KEY_UILaunchScreen_Generation[sdk=iphonesimulator*]" = YES;
				INFOPLIST_KEY_UISupportedInterfaceOrientations_iPad = "UIInterfaceOrientationPortrait UIInterfaceOrientationPortraitUpsideDown UIInterfaceOrientationLandscapeLeft UIInterfaceOrientationLandscapeRight";
				INFOPLIST_KEY_UISupportedInterfaceOrientations_iPhone = "UIInterfaceOrientationPortrait UIInterfaceOrientationLandscapeLeft UIInterfaceOrientationLandscapeRight";
				IPHONEOS_DEPLOYMENT_TARGET = 16.0;
				LD_RUNPATH_SEARCH_PATHS = "@executable_path/Frameworks";
				"LD_RUNPATH_SEARCH_PATHS[sdk=macosx*]" = "@executable_path/../Frameworks";
				MACOSX_DEPLOYMENT_TARGET = 13.0;
				MARKETING_VERSION = 1.0.1;
				PRODUCT_BUNDLE_IDENTIFIER = com.brettrosen.SimpleARPG;
				PRODUCT_NAME = "$(TARGET_NAME)";
				SDKROOT = auto;
				SUPPORTED_PLATFORMS = "iphoneos iphonesimulator macosx";
				SWIFT_EMIT_LOC_STRINGS = YES;
				SWIFT_VERSION = 5.0;
				TARGETED_DEVICE_FAMILY = "1,2";
			};
			name = Release;
		};
		1F5CA83628760D88002D92CF /* Debug */ = {
			isa = XCBuildConfiguration;
			buildSettings = {
				ALWAYS_EMBED_SWIFT_STANDARD_LIBRARIES = YES;
				BUNDLE_LOADER = "$(TEST_HOST)";
				CODE_SIGN_STYLE = Automatic;
				CURRENT_PROJECT_VERSION = 1;
				DEVELOPMENT_TEAM = Z2HT5GMEGY;
				GENERATE_INFOPLIST_FILE = YES;
				IPHONEOS_DEPLOYMENT_TARGET = 16.0;
				MACOSX_DEPLOYMENT_TARGET = 12.4;
				MARKETING_VERSION = 1.0;
				PRODUCT_BUNDLE_IDENTIFIER = com.brettrosen.SimpleARPGTests;
				PRODUCT_NAME = "$(TARGET_NAME)";
				SDKROOT = auto;
				SUPPORTED_PLATFORMS = "iphoneos iphonesimulator macosx";
				SWIFT_EMIT_LOC_STRINGS = NO;
				SWIFT_VERSION = 5.0;
				TARGETED_DEVICE_FAMILY = "1,2";
				TEST_HOST = "$(BUILT_PRODUCTS_DIR)/SimpleARPG.app/$(BUNDLE_EXECUTABLE_FOLDER_PATH)/SimpleARPG";
			};
			name = Debug;
		};
		1F5CA83728760D88002D92CF /* Release */ = {
			isa = XCBuildConfiguration;
			buildSettings = {
				ALWAYS_EMBED_SWIFT_STANDARD_LIBRARIES = YES;
				BUNDLE_LOADER = "$(TEST_HOST)";
				CODE_SIGN_STYLE = Automatic;
				CURRENT_PROJECT_VERSION = 1;
				DEVELOPMENT_TEAM = Z2HT5GMEGY;
				GENERATE_INFOPLIST_FILE = YES;
				IPHONEOS_DEPLOYMENT_TARGET = 16.0;
				MACOSX_DEPLOYMENT_TARGET = 12.4;
				MARKETING_VERSION = 1.0;
				PRODUCT_BUNDLE_IDENTIFIER = com.brettrosen.SimpleARPGTests;
				PRODUCT_NAME = "$(TARGET_NAME)";
				SDKROOT = auto;
				SUPPORTED_PLATFORMS = "iphoneos iphonesimulator macosx";
				SWIFT_EMIT_LOC_STRINGS = NO;
				SWIFT_VERSION = 5.0;
				TARGETED_DEVICE_FAMILY = "1,2";
				TEST_HOST = "$(BUILT_PRODUCTS_DIR)/SimpleARPG.app/$(BUNDLE_EXECUTABLE_FOLDER_PATH)/SimpleARPG";
			};
			name = Release;
		};
		1F5CA83928760D88002D92CF /* Debug */ = {
			isa = XCBuildConfiguration;
			buildSettings = {
				ALWAYS_EMBED_SWIFT_STANDARD_LIBRARIES = YES;
				CODE_SIGN_STYLE = Automatic;
				CURRENT_PROJECT_VERSION = 1;
				DEVELOPMENT_TEAM = Z2HT5GMEGY;
				GENERATE_INFOPLIST_FILE = YES;
				IPHONEOS_DEPLOYMENT_TARGET = 16.0;
				MACOSX_DEPLOYMENT_TARGET = 12.4;
				MARKETING_VERSION = 1.0;
				PRODUCT_BUNDLE_IDENTIFIER = com.brettrosen.SimpleARPGUITests;
				PRODUCT_NAME = "$(TARGET_NAME)";
				SDKROOT = auto;
				SUPPORTED_PLATFORMS = "iphoneos iphonesimulator macosx";
				SWIFT_EMIT_LOC_STRINGS = NO;
				SWIFT_VERSION = 5.0;
				TARGETED_DEVICE_FAMILY = "1,2";
				TEST_TARGET_NAME = SimpleARPG;
			};
			name = Debug;
		};
		1F5CA83A28760D88002D92CF /* Release */ = {
			isa = XCBuildConfiguration;
			buildSettings = {
				ALWAYS_EMBED_SWIFT_STANDARD_LIBRARIES = YES;
				CODE_SIGN_STYLE = Automatic;
				CURRENT_PROJECT_VERSION = 1;
				DEVELOPMENT_TEAM = Z2HT5GMEGY;
				GENERATE_INFOPLIST_FILE = YES;
				IPHONEOS_DEPLOYMENT_TARGET = 16.0;
				MACOSX_DEPLOYMENT_TARGET = 12.4;
				MARKETING_VERSION = 1.0;
				PRODUCT_BUNDLE_IDENTIFIER = com.brettrosen.SimpleARPGUITests;
				PRODUCT_NAME = "$(TARGET_NAME)";
				SDKROOT = auto;
				SUPPORTED_PLATFORMS = "iphoneos iphonesimulator macosx";
				SWIFT_EMIT_LOC_STRINGS = NO;
				SWIFT_VERSION = 5.0;
				TARGETED_DEVICE_FAMILY = "1,2";
				TEST_TARGET_NAME = SimpleARPG;
			};
			name = Release;
		};
/* End XCBuildConfiguration section */

/* Begin XCConfigurationList section */
		1F5CA80828760D87002D92CF /* Build configuration list for PBXProject "SimpleARPG" */ = {
			isa = XCConfigurationList;
			buildConfigurations = (
				1F5CA83028760D88002D92CF /* Debug */,
				1F5CA83128760D88002D92CF /* Release */,
			);
			defaultConfigurationIsVisible = 0;
			defaultConfigurationName = Release;
		};
		1F5CA83228760D88002D92CF /* Build configuration list for PBXNativeTarget "SimpleARPG" */ = {
			isa = XCConfigurationList;
			buildConfigurations = (
				1F5CA83328760D88002D92CF /* Debug */,
				1F5CA83428760D88002D92CF /* Release */,
			);
			defaultConfigurationIsVisible = 0;
			defaultConfigurationName = Release;
		};
		1F5CA83528760D88002D92CF /* Build configuration list for PBXNativeTarget "SimpleARPGTests" */ = {
			isa = XCConfigurationList;
			buildConfigurations = (
				1F5CA83628760D88002D92CF /* Debug */,
				1F5CA83728760D88002D92CF /* Release */,
			);
			defaultConfigurationIsVisible = 0;
			defaultConfigurationName = Release;
		};
		1F5CA83828760D88002D92CF /* Build configuration list for PBXNativeTarget "SimpleARPGUITests" */ = {
			isa = XCConfigurationList;
			buildConfigurations = (
				1F5CA83928760D88002D92CF /* Debug */,
				1F5CA83A28760D88002D92CF /* Release */,
			);
			defaultConfigurationIsVisible = 0;
			defaultConfigurationName = Release;
		};
/* End XCConfigurationList section */

/* Begin XCRemoteSwiftPackageReference section */
		1F5CA83B28760DB2002D92CF /* XCRemoteSwiftPackageReference "swift-composable-architecture" */ = {
			isa = XCRemoteSwiftPackageReference;
			repositoryURL = "https://github.com/pointfreeco/swift-composable-architecture.git";
			requirement = {
				branch = main;
				kind = branch;
			};
		};
		1F9D205428B9152F006D55C3 /* XCRemoteSwiftPackageReference "BetterCodable" */ = {
			isa = XCRemoteSwiftPackageReference;
			repositoryURL = "https://github.com/marksands/BetterCodable.git";
			requirement = {
				kind = upToNextMajorVersion;
				minimumVersion = 0.4.0;
			};
		};
/* End XCRemoteSwiftPackageReference section */

/* Begin XCSwiftPackageProductDependency section */
		1F5CA83C28760DB2002D92CF /* ComposableArchitecture */ = {
			isa = XCSwiftPackageProductDependency;
			package = 1F5CA83B28760DB2002D92CF /* XCRemoteSwiftPackageReference "swift-composable-architecture" */;
			productName = ComposableArchitecture;
		};
		1F9D205528B9152F006D55C3 /* BetterCodable */ = {
			isa = XCSwiftPackageProductDependency;
			package = 1F9D205428B9152F006D55C3 /* XCRemoteSwiftPackageReference "BetterCodable" */;
			productName = BetterCodable;
		};
/* End XCSwiftPackageProductDependency section */
	};
	rootObject = 1F5CA80528760D87002D92CF /* Project object */;
}
